
Microsoft Visual Studio Solution File, Format Version 12.00
# Visual Studio Version 17
VisualStudioVersion = 17.2.32630.192
MinimumVisualStudioVersion = 10.0.40219.1
Project("{FAE04EC0-301F-11D3-BF4B-00C04F79EFBC}") = "Blog.UI", "Blog.UI\Blog.UI.csproj", "{80547AF7-2507-440B-8E3E-C047EA79A2FB}"
EndProject
Project("{FAE04EC0-301F-11D3-BF4B-00C04F79EFBC}") = "Blog.Entity", "Blog.Entity\Blog.Entity.csproj", "{6F80450B-32E6-41F9-9AE9-DE9CE5B40A13}"
EndProject
Project("{FAE04EC0-301F-11D3-BF4B-00C04F79EFBC}") = "Blog.DataAccess", "Blog.DataAccess\Blog.DataAccess.csproj", "{6279451A-A1E9-4843-ADC2-1CC3F651FBFD}"
EndProject
Global
	GlobalSection(SolutionConfigurationPlatforms) = preSolution
		Debug|Any CPU = Debug|Any CPU
		Release|Any CPU = Release|Any CPU
	EndGlobalSection
	GlobalSection(ProjectConfigurationPlatforms) = postSolution
		{80547AF7-2507-440B-8E3E-C047EA79A2FB}.Debug|Any CPU.ActiveCfg = Debug|Any CPU
		{80547AF7-2507-440B-8E3E-C047EA79A2FB}.Debug|Any CPU.Build.0 = Debug|Any CPU
		{80547AF7-2507-440B-8E3E-C047EA79A2FB}.Release|Any CPU.ActiveCfg = Release|Any CPU
		{80547AF7-2507-440B-8E3E-C047EA79A2FB}.Release|Any CPU.Build.0 = Release|Any CPU
		{6F80450B-32E6-41F9-9AE9-DE9CE5B40A13}.Debug|Any CPU.ActiveCfg = Debug|Any CPU
		{6F80450B-32E6-41F9-9AE9-DE9CE5B40A13}.Debug|Any CPU.Build.0 = Debug|Any CPU
		{6F80450B-32E6-41F9-9AE9-DE9CE5B40A13}.Release|Any CPU.ActiveCfg = Release|Any CPU
		{6F80450B-32E6-41F9-9AE9-DE9CE5B40A13}.Release|Any CPU.Build.0 = Release|Any CPU
		{6279451A-A1E9-4843-ADC2-1CC3F651FBFD}.Debug|Any CPU.ActiveCfg = Debug|Any CPU
		{6279451A-A1E9-4843-ADC2-1CC3F651FBFD}.Debug|Any CPU.Build.0 = Debug|Any CPU
		{6279451A-A1E9-4843-ADC2-1CC3F651FBFD}.Release|Any CPU.ActiveCfg = Release|Any CPU
		{6279451A-A1E9-4843-ADC2-1CC3F651FBFD}.Release|Any CPU.Build.0 = Release|Any CPU
	EndGlobalSection
	GlobalSection(SolutionProperties) = preSolution
		HideSolutionNode = FALSE
	EndGlobalSection
	GlobalSection(ExtensibilityGlobals) = postSolution
		SolutionGuid = {493759C1-8E81-4C8C-94DD-6326010F6714}
	EndGlobalSection
EndGlobal
